
Microsoft Visual Studio Solution File, Format Version 12.00
# Visual Studio Version 16
VisualStudioVersion = 16.0.29209.62
MinimumVisualStudioVersion = 10.0.40219.1
Project("{8BC9CEB8-8B4A-11D0-8D11-00A0C91BC942}") = "Ch7_exc04", "Ch7_exc04.vcxproj", "{98A91AF8-0C88-4432-94D4-225DCEFF07B1}"
EndProject
Global
	GlobalSection(SolutionConfigurationPlatforms) = preSolution
		Debug|x64 = Debug|x64
		Debug|x86 = Debug|x86
		Release|x64 = Release|x64
		Release|x86 = Release|x86
	EndGlobalSection
	GlobalSection(ProjectConfigurationPlatforms) = postSolution
		{98A91AF8-0C88-4432-94D4-225DCEFF07B1}.Debug|x64.ActiveCfg = Debug|x64
		{98A91AF8-0C88-4432-94D4-225DCEFF07B1}.Debug|x64.Build.0 = Debug|x64
		{98A91AF8-0C88-4432-94D4-225DCEFF07B1}.Debug|x86.ActiveCfg = Debug|Win32
		{98A91AF8-0C88-4432-94D4-225DCEFF07B1}.Debug|x86.Build.0 = Debug|Win32
		{98A91AF8-0C88-4432-94D4-225DCEFF07B1}.Release|x64.ActiveCfg = Release|x64
		{98A91AF8-0C88-4432-94D4-225DCEFF07B1}.Release|x64.Build.0 = Release|x64
		{98A91AF8-0C88-4432-94D4-225DCEFF07B1}.Release|x86.ActiveCfg = Release|Win32
		{98A91AF8-0C88-4432-94D4-225DCEFF07B1}.Release|x86.Build.0 = Release|Win32
	EndGlobalSection
	GlobalSection(SolutionProperties) = preSolution
		HideSolutionNode = FALSE
	EndGlobalSection
	GlobalSection(ExtensibilityGlobals) = postSolution
		SolutionGuid = {C23AFA2C-BEB8-41D9-B0A0-B2815C1B4A05}
	EndGlobalSection
EndGlobal
